{
  "name": "glass-canvas",
  "version": "1.0.0",
  "lockfileVersion": 3,
  "requires": true,
  "packages": {
    "": {
      "name": "glass-canvas",
      "version": "1.0.0",
      "license": "MIT",
      "dependencies": {
        "basic-color": "^1.0.0"
      }
    },
    "node_modules/basic-color": {
      "version": "1.0.0",
      "resolved": "https://registry.npmjs.org/basic-color/-/basic-color-1.0.0.tgz",
      "integrity": "sha512-b2i9S8r9rRUQjAk5DEoj2jwEar5XYwTuxZ5v9oN4yxq0Qp0iooaN9AycC0lUhP9ItHBFKdisy72Gr+quELDLHw==",
      "license": "MIT"
    }
  }
}
